
Microsoft Visual Studio Solution File, Format Version 12.00
# Visual Studio Version 17
VisualStudioVersion = 17.0.31903.59
MinimumVisualStudioVersion = 10.0.40219.1
Project("{2150E333-8FDC-42A3-9474-1A3956D46DE8}") = "Solution Items", "Solution Items", "{4C763E6F-D2FE-49E4-9BF4-58C2059DA673}"
	ProjectSection(SolutionItems) = preProject
		.editorconfig = .editorconfig
		Directory.Build.props = Directory.Build.props
		src\Directory.Build.props = src\Directory.Build.props
		Directory.Packages.props = Directory.Packages.props
	EndProjectSection
EndProject
Project("{2150E333-8FDC-42A3-9474-1A3956D46DE8}") = "src", "src", "{31843085-A944-475A-B666-C2EFC2332FBF}"
EndProject
Project("{FAE04EC0-301F-11D3-BF4B-00C04F79EFBC}") = "Core", "src\Core\Core.csproj", "{53917CE4-EB7D-483C-99CA-9DF0BC3C2D00}"
EndProject
Project("{FAE04EC0-301F-11D3-BF4B-00C04F79EFBC}") = "Abstractions", "src\Abstractions\Abstractions.csproj", "{D7E2687E-0ED5-4194-B022-68430C7F1837}"
EndProject
Project("{FAE04EC0-301F-11D3-BF4B-00C04F79EFBC}") = "Implementation", "src\Implementation\Implementation.csproj", "{9D5F02A2-777A-478A-BE00-CD0ACB9493F9}"
EndProject
Project("{2150E333-8FDC-42A3-9474-1A3956D46DE8}") = "tests", "tests", "{297AB529-D6AC-4A46-9AB1-6A42712817C1}"
EndProject
Project("{2150E333-8FDC-42A3-9474-1A3956D46DE8}") = "unit", "unit", "{FA02DA94-7272-44DB-BC76-B109FBFE2892}"
EndProject
Project("{2150E333-8FDC-42A3-9474-1A3956D46DE8}") = "Implementation", "Implementation", "{F9DFC1A9-465A-4E32-AFD2-FE7CE26C4D61}"
EndProject
Project("{FAE04EC0-301F-11D3-BF4B-00C04F79EFBC}") = "QueryCoordinator", "tests\unit\Implementation\QueryCoordinator\QueryCoordinator.csproj", "{666F7CB4-7056-4F0B-ABA0-7E9BA9552798}"
EndProject
Global
	GlobalSection(SolutionConfigurationPlatforms) = preSolution
		Debug|Any CPU = Debug|Any CPU
		Release|Any CPU = Release|Any CPU
	EndGlobalSection
	GlobalSection(ProjectConfigurationPlatforms) = postSolution
		{53917CE4-EB7D-483C-99CA-9DF0BC3C2D00}.Debug|Any CPU.ActiveCfg = Debug|Any CPU
		{53917CE4-EB7D-483C-99CA-9DF0BC3C2D00}.Debug|Any CPU.Build.0 = Debug|Any CPU
		{53917CE4-EB7D-483C-99CA-9DF0BC3C2D00}.Release|Any CPU.ActiveCfg = Release|Any CPU
		{53917CE4-EB7D-483C-99CA-9DF0BC3C2D00}.Release|Any CPU.Build.0 = Release|Any CPU
		{D7E2687E-0ED5-4194-B022-68430C7F1837}.Debug|Any CPU.ActiveCfg = Debug|Any CPU
		{D7E2687E-0ED5-4194-B022-68430C7F1837}.Debug|Any CPU.Build.0 = Debug|Any CPU
		{D7E2687E-0ED5-4194-B022-68430C7F1837}.Release|Any CPU.ActiveCfg = Release|Any CPU
		{D7E2687E-0ED5-4194-B022-68430C7F1837}.Release|Any CPU.Build.0 = Release|Any CPU
		{9D5F02A2-777A-478A-BE00-CD0ACB9493F9}.Debug|Any CPU.ActiveCfg = Debug|Any CPU
		{9D5F02A2-777A-478A-BE00-CD0ACB9493F9}.Debug|Any CPU.Build.0 = Debug|Any CPU
		{9D5F02A2-777A-478A-BE00-CD0ACB9493F9}.Release|Any CPU.ActiveCfg = Release|Any CPU
		{9D5F02A2-777A-478A-BE00-CD0ACB9493F9}.Release|Any CPU.Build.0 = Release|Any CPU
		{666F7CB4-7056-4F0B-ABA0-7E9BA9552798}.Debug|Any CPU.ActiveCfg = Debug|Any CPU
		{666F7CB4-7056-4F0B-ABA0-7E9BA9552798}.Debug|Any CPU.Build.0 = Debug|Any CPU
		{666F7CB4-7056-4F0B-ABA0-7E9BA9552798}.Release|Any CPU.ActiveCfg = Release|Any CPU
		{666F7CB4-7056-4F0B-ABA0-7E9BA9552798}.Release|Any CPU.Build.0 = Release|Any CPU
	EndGlobalSection
	GlobalSection(SolutionProperties) = preSolution
		HideSolutionNode = FALSE
	EndGlobalSection
	GlobalSection(NestedProjects) = preSolution
		{53917CE4-EB7D-483C-99CA-9DF0BC3C2D00} = {31843085-A944-475A-B666-C2EFC2332FBF}
		{D7E2687E-0ED5-4194-B022-68430C7F1837} = {31843085-A944-475A-B666-C2EFC2332FBF}
		{9D5F02A2-777A-478A-BE00-CD0ACB9493F9} = {31843085-A944-475A-B666-C2EFC2332FBF}
		{FA02DA94-7272-44DB-BC76-B109FBFE2892} = {297AB529-D6AC-4A46-9AB1-6A42712817C1}
		{F9DFC1A9-465A-4E32-AFD2-FE7CE26C4D61} = {FA02DA94-7272-44DB-BC76-B109FBFE2892}
		{666F7CB4-7056-4F0B-ABA0-7E9BA9552798} = {F9DFC1A9-465A-4E32-AFD2-FE7CE26C4D61}
	EndGlobalSection
EndGlobal
